dependencies:
- name: alloy
  repository: https://grafana.github.io/helm-charts
  version: 1.10.0
- name: alloy
  repository: https://grafana.github.io/helm-charts
  version: 1.10.0
- name: loki
  repository: https://grafana.github.io/helm-charts
  version: 7.0.0
- name: tempo
  repository: https://grafana.github.io/helm-charts
  version: 1.24.4
- name: grafana
  repository: https://grafana.github.io/helm-charts
  version: 10.5.15
- name: prometheus
  repository: https://prometheus-community.github.io/helm-charts
  version: 29.12.0
digest: sha256:bb19ca7be68c95764500151a478e16366c36bdfed98e0cd8f6c2b2dbb07df7e9
generated: "2026-06-18T09:02:56.523662-07:00"
